<Solution>
  <Folder Name="/DateTimeApp/">
    <Project Path="DateTimeClientApp/DateTimeClientApp.csproj" />
    <Project Path="DateTimeServiceApp/DateTimeServiceApp.csproj" />
  </Folder>
  <Folder Name="/GreeterApp/">
    <Project Path="GreeterClientApp/GreeterClientApp.csproj" />
    <Project Path="GreeterServiceApp/GreeterServiceApp.csproj" />
  </Folder>
  <Folder Name="/GrpcApp/">
    <Project Path="GrpcClientApp/GrpcClientApp.csproj" />
    <Project Path="GrpcServiceApp/GrpcServiceApp.csproj" />
  </Folder>
</Solution>
