<Solution>
  <Folder Name="/BidirectionalStreamingApp/">
    <Project Path="Messenger3ClientApp/Messenger3ClientApp.csproj" />
    <Project Path="Messenger3ServiceApp/Messenger3ServiceApp.csproj" />
  </Folder>
  <Folder Name="/ClientStreamingApp/">
    <Project Path="Messenger2ClientApp/Messenger2ClientApp.csproj" />
    <Project Path="Messenger2ServiceApp/Messenger2ServiceApp.csproj" />
  </Folder>
  <Folder Name="/CRUDApp/">
    <Project Path="CRUDClientApp/CRUDClientApp.csproj" Id="307bcd82-13bf-4dad-ae3c-a6bd95331b86" />
    <Project Path="CRUDServiceApp/CRUDServiceApp.csproj" Id="e878df2d-3fad-4de3-9e14-b9964914bf58" />
  </Folder>
  <Folder Name="/CRUDWithEFApp/">
    <Project Path="CRUDWithEFClientApp/CRUDWithEFClientApp.csproj" Id="346132f0-2234-4a1e-b8b0-0faf12eeac9d" />
    <Project Path="CRUDWithEFServiceApp/CRUDWithEFServiceApp.csproj" Id="2b59a274-fca8-49cc-ab89-ec8a32f895bc" />
  </Folder>
  <Folder Name="/DateTimeApp/">
    <Project Path="DateTimeClientApp/DateTimeClientApp.csproj" />
    <Project Path="DateTimeServiceApp/DateTimeServiceApp.csproj" />
  </Folder>
  <Folder Name="/GettingHeadersApp/">
    <Project Path="Messenger4ClientApp/Messenger4ClientApp.csproj" />
    <Project Path="Messenger4ServiceApp/Messenger4ServiceApp.csproj" />
  </Folder>
  <Folder Name="/GreeterApp/">
    <Project Path="GreeterClientApp/GreeterClientApp.csproj" />
    <Project Path="GreeterServiceApp/GreeterServiceApp.csproj" />
  </Folder>
  <Folder Name="/GrpcApp/">
    <Project Path="GrpcClientApp/GrpcClientApp.csproj" />
    <Project Path="GrpcServiceApp/GrpcServiceApp.csproj" />
  </Folder>
  <Folder Name="/SendingHeadersApp/">
    <Project Path="Messenger5ClientApp/Messenger5ClientApp.csproj" />
    <Project Path="Messenger5ServiceApp/Messenger5ServiceApp.csproj" />
  </Folder>
  <Folder Name="/ServerStreamingApp/">
    <Project Path="MessengerClientApp/MessengerClientApp.csproj" />
    <Project Path="MessengerServiceApp/MessengerServiceApp.csproj" />
  </Folder>
</Solution>
