<Solution>
  <Folder Name="/BidirectionalStreamingApp/">
    <Project Path="Messenger3ClientApp/Messenger3ClientApp.csproj" />
    <Project Path="Messenger3ServiceApp/Messenger3ServiceApp.csproj" />
  </Folder>
  <Folder Name="/ClientStreamingApp/">
    <Project Path="Messenger2ClientApp/Messenger2ClientApp.csproj" />
    <Project Path="Messenger2ServiceApp/Messenger2ServiceApp.csproj" />
  </Folder>
  <Folder Name="/DateTimeApp/">
    <Project Path="DateTimeClientApp/DateTimeClientApp.csproj" />
    <Project Path="DateTimeServiceApp/DateTimeServiceApp.csproj" />
  </Folder>
  <Folder Name="/GettingHeadersApp/">
    <Project Path="Messenger4ServiceApp/Messenger4ServiceApp.csproj" />
  </Folder>
  <Folder Name="/GreeterApp/">
    <Project Path="GreeterClientApp/GreeterClientApp.csproj" />
    <Project Path="GreeterServiceApp/GreeterServiceApp.csproj" />
  </Folder>
  <Folder Name="/GrpcApp/">
    <Project Path="GrpcClientApp/GrpcClientApp.csproj" />
    <Project Path="GrpcServiceApp/GrpcServiceApp.csproj" />
  </Folder>
  <Folder Name="/ServerStreamingApp/">
    <Project Path="MessengerClientApp/MessengerClientApp.csproj" />
    <Project Path="MessengerServiceApp/MessengerServiceApp.csproj" />
  </Folder>
</Solution>
